
Microsoft Visual Studio Solution File, Format Version 12.00
# Visual Studio Version 17
VisualStudioVersion = 17.14.36414.22
MinimumVisualStudioVersion = 10.0.40219.1
Project("{FAE04EC0-301F-11D3-BF4B-00C04F79EFBC}") = "joriqueken", "..\Source\Repos\NIEZINFASS\joriqueken.csproj", "{99B49AE8-5952-4B5C-B129-EEBD4E3880AF}"
EndProject
Global
	GlobalSection(SolutionConfigurationPlatforms) = preSolution
		Debug|Any CPU = Debug|Any CPU
		Release|Any CPU = Release|Any CPU
	EndGlobalSection
	GlobalSection(ProjectConfigurationPlatforms) = postSolution
		{99B49AE8-5952-4B5C-B129-EEBD4E3880AF}.Debug|Any CPU.ActiveCfg = Debug|Any CPU
		{99B49AE8-5952-4B5C-B129-EEBD4E3880AF}.Debug|Any CPU.Build.0 = Debug|Any CPU
		{99B49AE8-5952-4B5C-B129-EEBD4E3880AF}.Release|Any CPU.ActiveCfg = Release|Any CPU
		{99B49AE8-5952-4B5C-B129-EEBD4E3880AF}.Release|Any CPU.Build.0 = Release|Any CPU
	EndGlobalSection
	GlobalSection(SolutionProperties) = preSolution
		HideSolutionNode = FALSE
	EndGlobalSection
	GlobalSection(ExtensibilityGlobals) = postSolution
		SolutionGuid = {64099A02-3302-44CE-97D0-9E496EF95BC5}
	EndGlobalSection
EndGlobal
